
Microsoft Visual Studio Solution File, Format Version 12.00
# Visual Studio Version 16
VisualStudioVersion = 16.0.30621.155
MinimumVisualStudioVersion = 10.0.40219.1
Project("{FAE04EC0-301F-11D3-BF4B-00C04F79EFBC}") = "Assignment3", "Assignment3.csproj", "{B36639E0-A1F7-4E1E-8DD9-F3CCEC278506}"
EndProject
Global
	GlobalSection(SolutionConfigurationPlatforms) = preSolution
		Debug|Any CPU = Debug|Any CPU
		Release|Any CPU = Release|Any CPU
	EndGlobalSection
	GlobalSection(ProjectConfigurationPlatforms) = postSolution
		{B36639E0-A1F7-4E1E-8DD9-F3CCEC278506}.Debug|Any CPU.ActiveCfg = Debug|Any CPU
		{B36639E0-A1F7-4E1E-8DD9-F3CCEC278506}.Debug|Any CPU.Build.0 = Debug|Any CPU
		{B36639E0-A1F7-4E1E-8DD9-F3CCEC278506}.Release|Any CPU.ActiveCfg = Release|Any CPU
		{B36639E0-A1F7-4E1E-8DD9-F3CCEC278506}.Release|Any CPU.Build.0 = Release|Any CPU
	EndGlobalSection
	GlobalSection(SolutionProperties) = preSolution
		HideSolutionNode = FALSE
	EndGlobalSection
	GlobalSection(ExtensibilityGlobals) = postSolution
		SolutionGuid = {14D10E11-8306-4618-BB87-E896665D50EA}
	EndGlobalSection
EndGlobal
